// !$*UTF8*$!
{
	archiveVersion = 1;
	classes = {
	};
	objectVersion = 50;
	objects = {

/* Begin PBXAggregateTarget section */
		6176B1FB25666B4F00E1A540 /* Aggregate */ = {
			isa = PBXAggregateTarget;
			buildConfigurationList = 6176B1FE25666B4F00E1A540 /* Build configuration list for PBXAggregateTarget "Aggregate" */;
			buildPhases = (
				6176B1FF25666B5400E1A540 /* ShellScript */,
			);
			dependencies = (
			);
			name = Aggregate;
			productName = Aggregate;
		};
/* End PBXAggregateTarget section */

/* Begin PBXBuildFile section */
		38B217D0A7ED270115AFDA06 /* Pods_MNParent_iOS.framework in Frameworks */ = {isa = PBXBuildFile; fileRef = 58A60AFCC94FEBAB6255EC0D /* Pods_MNParent_iOS.framework */; };
		6112486A25624A1300D3CCB7 /* MNParent.h in Headers */ = {isa = PBXBuildFile; fileRef = 6112486825624A1300D3CCB7 /* MNParent.h */; settings = {ATTRIBUTES = (Public, ); }; };
		6112487225624BCB00D3CCB7 /* ParentViewController.storyboard in Resources */ = {isa = PBXBuildFile; fileRef = 6112487025624BCB00D3CCB7 /* ParentViewController.storyboard */; };
		6112487425624BE500D3CCB7 /* ParentViewController.swift in Sources */ = {isa = PBXBuildFile; fileRef = 6112487325624BE500D3CCB7 /* ParentViewController.swift */; };
		61CD2E2E256CA59800118C19 /* Alamofire.framework in Frameworks */ = {isa = PBXBuildFile; fileRef = 619A3B902567580C006A7298 /* Alamofire.framework */; };
		61CD2E2F256CA59800118C19 /* Alamofire.framework in Embed Frameworks */ = {isa = PBXBuildFile; fileRef = 619A3B902567580C006A7298 /* Alamofire.framework */; settings = {ATTRIBUTES = (CodeSignOnCopy, RemoveHeadersOnCopy, ); }; };
/* End PBXBuildFile section */

/* Begin PBXContainerItemProxy section */
		619A3B8F2567580C006A7298 /* PBXContainerItemProxy */ = {
			isa = PBXContainerItemProxy;
			containerPortal = 619A3B892567580C006A7298 /* Pods.xcodeproj */;
			proxyType = 2;
			remoteGlobalIDString = 5D797E9A5C5782CE845840781FA1CC81;
			remoteInfo = Alamofire;
		};
		619A3B912567580C006A7298 /* PBXContainerItemProxy */ = {
			isa = PBXContainerItemProxy;
			containerPortal = 619A3B892567580C006A7298 /* Pods.xcodeproj */;
			proxyType = 2;
			remoteGlobalIDString = 86EFAADC6BC677F163737C224809460F;
			remoteInfo = "Pods-MNParent-iOS";
		};
		619A3B932567580C006A7298 /* PBXContainerItemProxy */ = {
			isa = PBXContainerItemProxy;
			containerPortal = 619A3B892567580C006A7298 /* Pods.xcodeproj */;
			proxyType = 2;
			remoteGlobalIDString = 002B1E88BA14EBF633CD66EBFBA107E9;
			remoteInfo = PromiseKit;
		};
/* End PBXContainerItemProxy section */

/* Begin PBXCopyFilesBuildPhase section */
		61CD2E30256CA59800118C19 /* Embed Frameworks */ = {
			isa = PBXCopyFilesBuildPhase;
			buildActionMask = 2147483647;
			dstPath = "";
			dstSubfolderSpec = 10;
			files = (
				61CD2E2F256CA59800118C19 /* Alamofire.framework in Embed Frameworks */,
			);
			name = "Embed Frameworks";
			runOnlyForDeploymentPostprocessing = 0;
		};
/* End PBXCopyFilesBuildPhase section */

/* Begin PBXFileReference section */
		239E140CB4D9B7E9E4875C22 /* Pods-MNParent-iOS.debug.xcconfig */ = {isa = PBXFileReference; includeInIndex = 1; lastKnownFileType = text.xcconfig; name = "Pods-MNParent-iOS.debug.xcconfig"; path = "Target Support Files/Pods-MNParent-iOS/Pods-MNParent-iOS.debug.xcconfig"; sourceTree = "<group>"; };
		58A60AFCC94FEBAB6255EC0D /* Pods_MNParent_iOS.framework */ = {isa = PBXFileReference; explicitFileType = wrapper.framework; includeInIndex = 0; path = Pods_MNParent_iOS.framework; sourceTree = BUILT_PRODUCTS_DIR; };
		6112486525624A1300D3CCB7 /* MNParent_iOS.framework */ = {isa = PBXFileReference; explicitFileType = wrapper.framework; includeInIndex = 0; path = MNParent_iOS.framework; sourceTree = BUILT_PRODUCTS_DIR; };
		6112486825624A1300D3CCB7 /* MNParent.h */ = {isa = PBXFileReference; lastKnownFileType = sourcecode.c.h; path = MNParent.h; sourceTree = "<group>"; };
		6112486925624A1300D3CCB7 /* Info.plist */ = {isa = PBXFileReference; lastKnownFileType = text.plist.xml; path = Info.plist; sourceTree = "<group>"; };
		6112487125624BCB00D3CCB7 /* Base */ = {isa = PBXFileReference; lastKnownFileType = file.storyboard; name = Base; path = ../../FrameworkExample/Base.lproj/ParentViewController.storyboard; sourceTree = "<group>"; };
		6112487325624BE500D3CCB7 /* ParentViewController.swift */ = {isa = PBXFileReference; fileEncoding = 4; lastKnownFileType = sourcecode.swift; name = ParentViewController.swift; path = ../../MNParentViewController/ParentViewController.swift; sourceTree = "<group>"; };
		619A3B892567580C006A7298 /* Pods.xcodeproj */ = {isa = PBXFileReference; lastKnownFileType = "wrapper.pb-project"; name = Pods.xcodeproj; path = Pods/Pods.xcodeproj; sourceTree = "<group>"; };
		C206D17C4FBF6B6C99E9D77C /* Pods-MNParent-iOS.release.xcconfig */ = {isa = PBXFileReference; includeInIndex = 1; lastKnownFileType = text.xcconfig; name = "Pods-MNParent-iOS.release.xcconfig"; path = "Target Support Files/Pods-MNParent-iOS/Pods-MNParent-iOS.release.xcconfig"; sourceTree = "<group>"; };
/* End PBXFileReference section */

/* Begin PBXFrameworksBuildPhase section */
		6112486225624A1300D3CCB7 /* Frameworks */ = {
			isa = PBXFrameworksBuildPhase;
			buildActionMask = 2147483647;
			files = (
				38B217D0A7ED270115AFDA06 /* Pods_MNParent_iOS.framework in Frameworks */,
				61CD2E2E256CA59800118C19 /* Alamofire.framework in Frameworks */,
			);
			runOnlyForDeploymentPostprocessing = 0;
		};
/* End PBXFrameworksBuildPhase section */

/* Begin PBXGroup section */
		5202158321D2F7B8D61EA8AB /* Frameworks */ = {
			isa = PBXGroup;
			children = (
				58A60AFCC94FEBAB6255EC0D /* Pods_MNParent_iOS.framework */,
			);
			name = Frameworks;
			sourceTree = "<group>";
		};
		6112485B25624A1300D3CCB7 = {
			isa = PBXGroup;
			children = (
				6112486725624A1300D3CCB7 /* MNParent */,
				6112486625624A1300D3CCB7 /* Products */,
				D744DFD1C23BF61EC10C78C5 /* Pods */,
				5202158321D2F7B8D61EA8AB /* Frameworks */,
				619A3B892567580C006A7298 /* Pods.xcodeproj */,
			);
			sourceTree = "<group>";
		};
		6112486625624A1300D3CCB7 /* Products */ = {
			isa = PBXGroup;
			children = (
				6112486525624A1300D3CCB7 /* MNParent_iOS.framework */,
			);
			name = Products;
			sourceTree = "<group>";
		};
		6112486725624A1300D3CCB7 /* MNParent */ = {
			isa = PBXGroup;
			children = (
				6112487025624BCB00D3CCB7 /* ParentViewController.storyboard */,
				6112487325624BE500D3CCB7 /* ParentViewController.swift */,
				6112486825624A1300D3CCB7 /* MNParent.h */,
				6112486925624A1300D3CCB7 /* Info.plist */,
			);
			path = MNParent;
			sourceTree = "<group>";
		};
		619A3B8A2567580C006A7298 /* Products */ = {
			isa = PBXGroup;
			children = (
				619A3B902567580C006A7298 /* Alamofire.framework */,
				619A3B922567580C006A7298 /* Pods_MNParent_iOS.framework */,
				619A3B942567580C006A7298 /* PromiseKit.framework */,
			);
			name = Products;
			sourceTree = "<group>";
		};
		D744DFD1C23BF61EC10C78C5 /* Pods */ = {
			isa = PBXGroup;
			children = (
				239E140CB4D9B7E9E4875C22 /* Pods-MNParent-iOS.debug.xcconfig */,
				C206D17C4FBF6B6C99E9D77C /* Pods-MNParent-iOS.release.xcconfig */,
			);
			path = Pods;
			sourceTree = "<group>";
		};
/* End PBXGroup section */

/* Begin PBXHeadersBuildPhase section */
		6112486025624A1300D3CCB7 /* Headers */ = {
			isa = PBXHeadersBuildPhase;
			buildActionMask = 2147483647;
			files = (
				6112486A25624A1300D3CCB7 /* MNParent.h in Headers */,
			);
			runOnlyForDeploymentPostprocessing = 0;
		};
/* End PBXHeadersBuildPhase section */

/* Begin PBXNativeTarget section */
		6112486425624A1300D3CCB7 /* MNParent-iOS */ = {
			isa = PBXNativeTarget;
			buildConfigurationList = 6112486D25624A1300D3CCB7 /* Build configuration list for PBXNativeTarget "MNParent-iOS" */;
			buildPhases = (
				057B19CD57FE2ACAD6E1E9EC /* [CP] Check Pods Manifest.lock */,
				6112486025624A1300D3CCB7 /* Headers */,
				6112486125624A1300D3CCB7 /* Sources */,
				6112486225624A1300D3CCB7 /* Frameworks */,
				6112486325624A1300D3CCB7 /* Resources */,
				61CD2E30256CA59800118C19 /* Embed Frameworks */,
			);
			buildRules = (
			);
			dependencies = (
			);
			name = "MNParent-iOS";
			productName = MNParent;
			productReference = 6112486525624A1300D3CCB7 /* MNParent_iOS.framework */;
			productType = "com.apple.product-type.framework";
		};
/* End PBXNativeTarget section */

/* Begin PBXProject section */
		6112485C25624A1300D3CCB7 /* Project object */ = {
			isa = PBXProject;
			attributes = {
				LastUpgradeCheck = 1170;
				ORGANIZATIONNAME = kyl;
				TargetAttributes = {
					6112486425624A1300D3CCB7 = {
						CreatedOnToolsVersion = 11.7;
						LastSwiftMigration = 1170;
					};
					6176B1FB25666B4F00E1A540 = {
						CreatedOnToolsVersion = 11.7;
					};
				};
			};
			buildConfigurationList = 6112485F25624A1300D3CCB7 /* Build configuration list for PBXProject "MNParent" */;
			compatibilityVersion = "Xcode 9.3";
			developmentRegion = en;
			hasScannedForEncodings = 0;
			knownRegions = (
				en,
				Base,
			);
			mainGroup = 6112485B25624A1300D3CCB7;
			productRefGroup = 6112486625624A1300D3CCB7 /* Products */;
			projectDirPath = "";
			projectReferences = (
				{
					ProductGroup = 619A3B8A2567580C006A7298 /* Products */;
					ProjectRef = 619A3B892567580C006A7298 /* Pods.xcodeproj */;
				},
			);
			projectRoot = "";
			targets = (
				6112486425624A1300D3CCB7 /* MNParent-iOS */,
				6176B1FB25666B4F00E1A540 /* Aggregate */,
			);
		};
/* End PBXProject section */

/* Begin PBXReferenceProxy section */
		619A3B902567580C006A7298 /* Alamofire.framework */ = {
			isa = PBXReferenceProxy;
			fileType = wrapper.framework;
			path = Alamofire.framework;
			remoteRef = 619A3B8F2567580C006A7298 /* PBXContainerItemProxy */;
			sourceTree = BUILT_PRODUCTS_DIR;
		};
		619A3B922567580C006A7298 /* Pods_MNParent_iOS.framework */ = {
			isa = PBXReferenceProxy;
			fileType = wrapper.framework;
			path = Pods_MNParent_iOS.framework;
			remoteRef = 619A3B912567580C006A7298 /* PBXContainerItemProxy */;
			sourceTree = BUILT_PRODUCTS_DIR;
		};
		619A3B942567580C006A7298 /* PromiseKit.framework */ = {
			isa = PBXReferenceProxy;
			fileType = wrapper.framework;
			path = PromiseKit.framework;
			remoteRef = 619A3B932567580C006A7298 /* PBXContainerItemProxy */;
			sourceTree = BUILT_PRODUCTS_DIR;
		};
/* End PBXReferenceProxy section */

/* Begin PBXResourcesBuildPhase section */
		6112486325624A1300D3CCB7 /* Resources */ = {
			isa = PBXResourcesBuildPhase;
			buildActionMask = 2147483647;
			files = (
				6112487225624BCB00D3CCB7 /* ParentViewController.storyboard in Resources */,
			);
			runOnlyForDeploymentPostprocessing = 0;
		};
/* End PBXResourcesBuildPhase section */

/* Begin PBXShellScriptBuildPhase section */
		057B19CD57FE2ACAD6E1E9EC /* [CP] Check Pods Manifest.lock */ = {
			isa = PBXShellScriptBuildPhase;
			buildActionMask = 2147483647;
			files = (
			);
			inputFileListPaths = (
			);
			inputPaths = (
				"${PODS_PODFILE_DIR_PATH}/Podfile.lock",
				"${PODS_ROOT}/Manifest.lock",
			);
			name = "[CP] Check Pods Manifest.lock";
			outputFileListPaths = (
			);
			outputPaths = (
				"$(DERIVED_FILE_DIR)/Pods-MNParent-iOS-checkManifestLockResult.txt",
			);
			runOnlyForDeploymentPostprocessing = 0;
			shellPath = /bin/sh;
			shellScript = "diff \"${PODS_PODFILE_DIR_PATH}/Podfile.lock\" \"${PODS_ROOT}/Manifest.lock\" > /dev/null\nif [ $? != 0 ] ; then\n    # print error to STDERR\n    echo \"error: The sandbox is not in sync with the Podfile.lock. Run 'pod install' or update your CocoaPods installation.\" >&2\n    exit 1\nfi\n# This output is used by Xcode 'outputs' to avoid re-running this script phase.\necho \"SUCCESS\" > \"${SCRIPT_OUTPUT_FILE_0}\"\n";
			showEnvVarsInLog = 0;
		};
		6176B1FF25666B5400E1A540 /* ShellScript */ = {
			isa = PBXShellScriptBuildPhase;
			buildActionMask = 2147483647;
			files = (
			);
			inputFileListPaths = (
			);
			inputPaths = (
			);
			outputFileListPaths = (
			);
			outputPaths = (
			);
			runOnlyForDeploymentPostprocessing = 0;
			shellPath = /bin/sh;
			shellScript = "set -e\n\n# Setup\n#WORKSPACE=\"ECPayPaymentGatewayKit.xcworkspace\"\nFRAMEWORK_NAME=\"MNParent-iOS\"\nBUILD_DIR=\"${SRCROOT}/build\"\nOUTPUT_DIR=\"${SRCROOT}/Products\"\nOUTPUT=\"${OUTPUT_DIR}/${FRAMEWORK_NAME}.framework\"\nfor V in ${BUILD_VARIANTS}; do\n    for A in ${ARCHS}; do\n        unset SWIFT_RESPONSE_FILE_PATH_${V}_${A}\n    done\ndone\n#CONFIGURATION=\"${CONFIGURATION}\"\nCONFIGURATION=\"Release\"\n\nneedClear=\"clean\"\n#needClear=\"\"\n\nrm -rf \"${BUILD_DIR}/*\"\nrm -rf \"${OUTPUT}/*\"\nmkdir -p \"${OUTPUT_DIR}\"\n\n# Build the framework for device and for simulator (using all needed architectures).\nxcodebuild -workspace \"${WORKSPACE}\" -scheme \"${FRAMEWORK_NAME}\" -configuration ${CONFIGURATION} -arch x86_64 -arch i386 only_active_arch=no defines_module=yes -sdk \"iphonesimulator\" ${needClear} build CONFIGURATION_BUILD_DIR=${BUILD_DIR}/${CONFIGURATION}-iphonesimulator -UseModernBuildSystem=NO\n#xcodebuild -workspace \"${WORKSPACE}\" -scheme \"${FRAMEWORK_NAME}\" -configuration ${CONFIGURATION} -arch arm64 -arch armv7 -arch armv7s only_active_arch=no defines_module=yes -sdk \"iphoneos\" build CONFIGURATION_BUILD_DIR=${BUILD_DIR}/${CONFIGURATION}-iphoneos -UseModernBuildSystem=NO\nxcodebuild -workspace \"${WORKSPACE}\" -scheme \"${FRAMEWORK_NAME}\" -configuration ${CONFIGURATION} only_active_arch=no defines_module=yes -sdk \"iphoneos\" ${needClear} build CONFIGURATION_BUILD_DIR=${BUILD_DIR}/${CONFIGURATION}-iphoneos -UseModernBuildSystem=NO\n\n# Copy the device version of framework to output.\ncp -r \"${BUILD_DIR}/${CONFIGURATION}-iphoneos/${FRAMEWORK_NAME}.framework\" \"${OUTPUT}\"\n\n# Replace the framework executable within the framework with a new version created by merging the device and simulator frameworks' executables with lipo.\nlipo -create -output \"${OUTPUT}/${FRAMEWORK_NAME}\" \"${BUILD_DIR}/${CONFIGURATION}-iphoneos/${FRAMEWORK_NAME}.framework/${FRAMEWORK_NAME}\" \"${BUILD_DIR}/${CONFIGURATION}-iphonesimulator/${FRAMEWORK_NAME}.framework/${FRAMEWORK_NAME}\"\n\n# Copy the Swift module mappings for the simulator into the framework. The device mappings already exist from step 6.\ncp -r \"${BUILD_DIR}/${CONFIGURATION}-iphonesimulator/${FRAMEWORK_NAME}.framework/Modules/${FRAMEWORK_NAME}.swiftmodule/\" \"${OUTPUT}/Modules/${FRAMEWORK_NAME}.swiftmodule\"\n\n#移除frameworks libswiftCore \nrm -rf \"${OUTPUT}/Frameworks\"\n\n# Delete build.\nrm -rf \"${BUILD_DIR}/*\"\n\n# Delete \"libswiftRemoteMirror.dylib\"\nrm -rf \"${OUTPUT}/libswiftRemoteMirror.dylib\"\n";
		};
/* End PBXShellScriptBuildPhase section */

/* Begin PBXSourcesBuildPhase section */
		6112486125624A1300D3CCB7 /* Sources */ = {
			isa = PBXSourcesBuildPhase;
			buildActionMask = 2147483647;
			files = (
				6112487425624BE500D3CCB7 /* ParentViewController.swift in Sources */,
			);
			runOnlyForDeploymentPostprocessing = 0;
		};
/* End PBXSourcesBuildPhase section */

/* Begin PBXVariantGroup section */
		6112487025624BCB00D3CCB7 /* ParentViewController.storyboard */ = {
			isa = PBXVariantGroup;
			children = (
				6112487125624BCB00D3CCB7 /* Base */,
			);
			name = ParentViewController.storyboard;
			sourceTree = "<group>";
		};
/* End PBXVariantGroup section */

/* Begin XCBuildConfiguration section */
		6112486B25624A1300D3CCB7 /* Debug */ = {
			isa = XCBuildConfiguration;
			buildSettings = {
				ALWAYS_SEARCH_USER_PATHS = NO;
				CLANG_ANALYZER_NONNULL = YES;
				CLANG_ANALYZER_NUMBER_OBJECT_CONVERSION = YES_AGGRESSIVE;
				CLANG_CXX_LANGUAGE_STANDARD = "gnu++14";
				CLANG_CXX_LIBRARY = "libc++";
				CLANG_ENABLE_MODULES = YES;
				CLANG_ENABLE_OBJC_ARC = YES;
				CLANG_ENABLE_OBJC_WEAK = YES;
				CLANG_WARN_BLOCK_CAPTURE_AUTORELEASING = YES;
				CLANG_WARN_BOOL_CONVERSION = YES;
				CLANG_WARN_COMMA = YES;
				CLANG_WARN_CONSTANT_CONVERSION = YES;
				CLANG_WARN_DEPRECATED_OBJC_IMPLEMENTATIONS = YES;
				CLANG_WARN_DIRECT_OBJC_ISA_USAGE = YES_ERROR;
				CLANG_WARN_DOCUMENTATION_COMMENTS = YES;
				CLANG_WARN_EMPTY_BODY = YES;
				CLANG_WARN_ENUM_CONVERSION = YES;
				CLANG_WARN_INFINITE_RECURSION = YES;
				CLANG_WARN_INT_CONVERSION = YES;
				CLANG_WARN_NON_LITERAL_NULL_CONVERSION = YES;
				CLANG_WARN_OBJC_IMPLICIT_RETAIN_SELF = YES;
				CLANG_WARN_OBJC_LITERAL_CONVERSION = YES;
				CLANG_WARN_OBJC_ROOT_CLASS = YES_ERROR;
				CLANG_WARN_RANGE_LOOP_ANALYSIS = YES;
				CLANG_WARN_STRICT_PROTOTYPES = YES;
				CLANG_WARN_SUSPICIOUS_MOVE = YES;
				CLANG_WARN_UNGUARDED_AVAILABILITY = YES_AGGRESSIVE;
				CLANG_WARN_UNREACHABLE_CODE = YES;
				CLANG_WARN__DUPLICATE_METHOD_MATCH = YES;
				COPY_PHASE_STRIP = NO;
				CURRENT_PROJECT_VERSION = 1;
				DEBUG_INFORMATION_FORMAT = dwarf;
				ENABLE_STRICT_OBJC_MSGSEND = YES;
				ENABLE_TESTABILITY = YES;
				GCC_C_LANGUAGE_STANDARD = gnu11;
				GCC_DYNAMIC_NO_PIC = NO;
				GCC_NO_COMMON_BLOCKS = YES;
				GCC_OPTIMIZATION_LEVEL = 0;
				GCC_PREPROCESSOR_DEFINITIONS = (
					"DEBUG=1",
					"$(inherited)",
				);
				GCC_WARN_64_TO_32_BIT_CONVERSION = YES;
				GCC_WARN_ABOUT_RETURN_TYPE = YES_ERROR;
				GCC_WARN_UNDECLARED_SELECTOR = YES;
				GCC_WARN_UNINITIALIZED_AUTOS = YES_AGGRESSIVE;
				GCC_WARN_UNUSED_FUNCTION = YES;
				GCC_WARN_UNUSED_VARIABLE = YES;
				IPHONEOS_DEPLOYMENT_TARGET = 13.7;
				MTL_ENABLE_DEBUG_INFO = INCLUDE_SOURCE;
				MTL_FAST_MATH = YES;
				ONLY_ACTIVE_ARCH = YES;
				SDKROOT = iphoneos;
				SWIFT_ACTIVE_COMPILATION_CONDITIONS = DEBUG;
				SWIFT_OPTIMIZATION_LEVEL = "-Onone";
				VERSIONING_SYSTEM = "apple-generic";
				VERSION_INFO_PREFIX = "";
			};
			name = Debug;
		};
		6112486C25624A1300D3CCB7 /* Release */ = {
			isa = XCBuildConfiguration;
			buildSettings = {
				ALWAYS_SEARCH_USER_PATHS = NO;
				CLANG_ANALYZER_NONNULL = YES;
				CLANG_ANALYZER_NUMBER_OBJECT_CONVERSION = YES_AGGRESSIVE;
				CLANG_CXX_LANGUAGE_STANDARD = "gnu++14";
				CLANG_CXX_LIBRARY = "libc++";
				CLANG_ENABLE_MODULES = YES;
				CLANG_ENABLE_OBJC_ARC = YES;
				CLANG_ENABLE_OBJC_WEAK = YES;
				CLANG_WARN_BLOCK_CAPTURE_AUTORELEASING = YES;
				CLANG_WARN_BOOL_CONVERSION = YES;
				CLANG_WARN_COMMA = YES;
				CLANG_WARN_CONSTANT_CONVERSION = YES;
				CLANG_WARN_DEPRECATED_OBJC_IMPLEMENTATIONS = YES;
				CLANG_WARN_DIRECT_OBJC_ISA_USAGE = YES_ERROR;
				CLANG_WARN_DOCUMENTATION_COMMENTS = YES;
				CLANG_WARN_EMPTY_BODY = YES;
				CLANG_WARN_ENUM_CONVERSION = YES;
				CLANG_WARN_INFINITE_RECURSION = YES;
				CLANG_WARN_INT_CONVERSION = YES;
				CLANG_WARN_NON_LITERAL_NULL_CONVERSION = YES;
				CLANG_WARN_OBJC_IMPLICIT_RETAIN_SELF = YES;
				CLANG_WARN_OBJC_LITERAL_CONVERSION = YES;
				CLANG_WARN_OBJC_ROOT_CLASS = YES_ERROR;
				CLANG_WARN_RANGE_LOOP_ANALYSIS = YES;
				CLANG_WARN_STRICT_PROTOTYPES = YES;
				CLANG_WARN_SUSPICIOUS_MOVE = YES;
				CLANG_WARN_UNGUARDED_AVAILABILITY = YES_AGGRESSIVE;
				CLANG_WARN_UNREACHABLE_CODE = YES;
				CLANG_WARN__DUPLICATE_METHOD_MATCH = YES;
				COPY_PHASE_STRIP = NO;
				CURRENT_PROJECT_VERSION = 1;
				DEBUG_INFORMATION_FORMAT = "dwarf-with-dsym";
				ENABLE_NS_ASSERTIONS = NO;
				ENABLE_STRICT_OBJC_MSGSEND = YES;
				GCC_C_LANGUAGE_STANDARD = gnu11;
				GCC_NO_COMMON_BLOCKS = YES;
				GCC_WARN_64_TO_32_BIT_CONVERSION = YES;
				GCC_WARN_ABOUT_RETURN_TYPE = YES_ERROR;
				GCC_WARN_UNDECLARED_SELECTOR = YES;
				GCC_WARN_UNINITIALIZED_AUTOS = YES_AGGRESSIVE;
				GCC_WARN_UNUSED_FUNCTION = YES;
				GCC_WARN_UNUSED_VARIABLE = YES;
				IPHONEOS_DEPLOYMENT_TARGET = 13.7;
				MTL_ENABLE_DEBUG_INFO = NO;
				MTL_FAST_MATH = YES;
				SDKROOT = iphoneos;
				SWIFT_COMPILATION_MODE = wholemodule;
				SWIFT_OPTIMIZATION_LEVEL = "-O";
				VALIDATE_PRODUCT = YES;
				VERSIONING_SYSTEM = "apple-generic";
				VERSION_INFO_PREFIX = "";
			};
			name = Release;
		};
		6112486E25624A1300D3CCB7 /* Debug */ = {
			isa = XCBuildConfiguration;
			baseConfigurationReference = 239E140CB4D9B7E9E4875C22 /* Pods-MNParent-iOS.debug.xcconfig */;
			buildSettings = {
				BUILD_LIBRARY_FOR_DISTRIBUTION = YES;
				CLANG_ENABLE_MODULES = YES;
				CODE_SIGN_STYLE = Automatic;
				DEFINES_MODULE = YES;
				DYLIB_COMPATIBILITY_VERSION = 1;
				DYLIB_CURRENT_VERSION = 1;
				DYLIB_INSTALL_NAME_BASE = "@rpath";
				INFOPLIST_FILE = MNParent/Info.plist;
				INSTALL_PATH = "$(LOCAL_LIBRARY_DIR)/Frameworks";
				IPHONEOS_DEPLOYMENT_TARGET = 11.0;
				LD_RUNPATH_SEARCH_PATHS = (
					"$(inherited)",
					"@executable_path/Frameworks",
					"@loader_path/Frameworks",
				);
				LIBRARY_SEARCH_PATHS = (
					"$(inherited)",
					"$(PROJECT_DIR)",
				);
				PRODUCT_BUNDLE_IDENTIFIER = com.kyl.MNParent;
				PRODUCT_NAME = "$(TARGET_NAME:c99extidentifier)";
				SKIP_INSTALL = YES;
				SUPPORTS_MACCATALYST = NO;
				SWIFT_INCLUDE_PATHS = "$(SRCROOT)/**";
				SWIFT_OPTIMIZATION_LEVEL = "-Onone";
				SWIFT_VERSION = 5.0;
				TARGETED_DEVICE_FAMILY = 1;
				USER_HEADER_SEARCH_PATHS = "$(BUILD_ROOT)/../IntermediateBuildFilesPath/UninstalledProducts";
			};
			name = Debug;
		};
		6112486F25624A1300D3CCB7 /* Release */ = {
			isa = XCBuildConfiguration;
			baseConfigurationReference = C206D17C4FBF6B6C99E9D77C /* Pods-MNParent-iOS.release.xcconfig */;
			buildSettings = {
				BUILD_LIBRARY_FOR_DISTRIBUTION = YES;
				CLANG_ENABLE_MODULES = YES;
				CODE_SIGN_STYLE = Automatic;
				DEFINES_MODULE = YES;
				DYLIB_COMPATIBILITY_VERSION = 1;
				DYLIB_CURRENT_VERSION = 1;
				DYLIB_INSTALL_NAME_BASE = "@rpath";
				INFOPLIST_FILE = MNParent/Info.plist;
				INSTALL_PATH = "$(LOCAL_LIBRARY_DIR)/Frameworks";
				IPHONEOS_DEPLOYMENT_TARGET = 11.0;
				LD_RUNPATH_SEARCH_PATHS = (
					"$(inherited)",
					"@executable_path/Frameworks",
					"@loader_path/Frameworks",
				);
				LIBRARY_SEARCH_PATHS = (
					"$(inherited)",
					"$(PROJECT_DIR)",
				);
				PRODUCT_BUNDLE_IDENTIFIER = com.kyl.MNParent;
				PRODUCT_NAME = "$(TARGET_NAME:c99extidentifier)";
				SKIP_INSTALL = YES;
				SUPPORTS_MACCATALYST = NO;
				SWIFT_INCLUDE_PATHS = "$(SRCROOT)/**";
				SWIFT_VERSION = 5.0;
				TARGETED_DEVICE_FAMILY = 1;
				USER_HEADER_SEARCH_PATHS = "$(BUILD_ROOT)/../IntermediateBuildFilesPath/UninstalledProducts";
			};
			name = Release;
		};
		6176B1FC25666B4F00E1A540 /* Debug */ = {
			isa = XCBuildConfiguration;
			buildSettings = {
				CODE_SIGN_STYLE = Automatic;
				PRODUCT_NAME = "$(TARGET_NAME)";
			};
			name = Debug;
		};
		6176B1FD25666B4F00E1A540 /* Release */ = {
			isa = XCBuildConfiguration;
			buildSettings = {
				CODE_SIGN_STYLE = Automatic;
				PRODUCT_NAME = "$(TARGET_NAME)";
			};
			name = Release;
		};
/* End XCBuildConfiguration section */

/* Begin XCConfigurationList section */
		6112485F25624A1300D3CCB7 /* Build configuration list for PBXProject "MNParent" */ = {
			isa = XCConfigurationList;
			buildConfigurations = (
				6112486B25624A1300D3CCB7 /* Debug */,
				6112486C25624A1300D3CCB7 /* Release */,
			);
			defaultConfigurationIsVisible = 0;
			defaultConfigurationName = Release;
		};
		6112486D25624A1300D3CCB7 /* Build configuration list for PBXNativeTarget "MNParent-iOS" */ = {
			isa = XCConfigurationList;
			buildConfigurations = (
				6112486E25624A1300D3CCB7 /* Debug */,
				6112486F25624A1300D3CCB7 /* Release */,
			);
			defaultConfigurationIsVisible = 0;
			defaultConfigurationName = Release;
		};
		6176B1FE25666B4F00E1A540 /* Build configuration list for PBXAggregateTarget "Aggregate" */ = {
			isa = XCConfigurationList;
			buildConfigurations = (
				6176B1FC25666B4F00E1A540 /* Debug */,
				6176B1FD25666B4F00E1A540 /* Release */,
			);
			defaultConfigurationIsVisible = 0;
			defaultConfigurationName = Release;
		};
/* End XCConfigurationList section */
	};
	rootObject = 6112485C25624A1300D3CCB7 /* Project object */;
}
